{
  "name": "k8w-super-promise",
  "version": "0.2.3",
  "lockfileVersion": 1,
  "requires": true,
  "dependencies": {
    "@types/mocha": {
      "version": "2.2.48",
      "resolved": "https://registry.npmjs.org/@types/mocha/-/mocha-2.2.48.tgz",
      "integrity": "sha512-nlK/iyETgafGli8Zh9zJVCTicvU3iajSkRwOh3Hhiva598CMqNJ4NcVCGMTGKpGpTYj/9R8RLzS9NAykSSCqGw==",
      "dev": true
    },
    "@types/node": {
      "version": "8.10.51",
      "resolved": "https://registry.npmjs.org/@types/node/-/node-8.10.51.tgz",
      "integrity": "sha512-cArrlJp3Yv6IyFT/DYe+rlO8o3SIHraALbBW/+CcCYW/a9QucpLI+n2p4sRxAvl2O35TiecpX2heSZtJjvEO+Q==",
      "dev": true
    }
  }
}
